// !$*UTF8*$!
{
	archiveVersion = 1;
	classes = {
	};
	objectVersion = 55;
	objects = {

/* Begin PBXBuildFile section */
		78E2DB1B288FFFEB00493CEC /* LandmarksApp.swift in Sources */ = {isa = PBXBuildFile; fileRef = 78E2DB1A288FFFEB00493CEC /* LandmarksApp.swift */; };
		78E2DB1D288FFFEB00493CEC /* ContentView.swift in Sources */ = {isa = PBXBuildFile; fileRef = 78E2DB1C288FFFEB00493CEC /* ContentView.swift */; };
		78E2DB1F288FFFEF00493CEC /* Assets.xcassets in Resources */ = {isa = PBXBuildFile; fileRef = 78E2DB1E288FFFEF00493CEC /* Assets.xcassets */; };
		78E2DB22288FFFEF00493CEC /* Preview Assets.xcassets in Resources */ = {isa = PBXBuildFile; fileRef = 78E2DB21288FFFEF00493CEC /* Preview Assets.xcassets */; };
		78E2DB29289001DC00493CEC /* CircleImage.swift in Sources */ = {isa = PBXBuildFile; fileRef = 78E2DB28289001DC00493CEC /* CircleImage.swift */; };
		78E2DB2B2890028B00493CEC /* MapView.swift in Sources */ = {isa = PBXBuildFile; fileRef = 78E2DB2A2890028B00493CEC /* MapView.swift */; };
		78E2DB2D2890048100493CEC /* Landmark.swift in Sources */ = {isa = PBXBuildFile; fileRef = 78E2DB2C2890048100493CEC /* Landmark.swift */; };
		78E2DB2F2890059D00493CEC /* landmarkData.json in Resources */ = {isa = PBXBuildFile; fileRef = 78E2DB2E2890059D00493CEC /* landmarkData.json */; };
		78E2DB31289006DC00493CEC /* ModelData.swift in Sources */ = {isa = PBXBuildFile; fileRef = 78E2DB30289006DC00493CEC /* ModelData.swift */; };
		78E2DB362890078B00493CEC /* LandmarkRow.swift in Sources */ = {isa = PBXBuildFile; fileRef = 78E2DB352890078B00493CEC /* LandmarkRow.swift */; };
		78E2DB38289008FE00493CEC /* LandmarkList.swift in Sources */ = {isa = PBXBuildFile; fileRef = 78E2DB37289008FE00493CEC /* LandmarkList.swift */; };
		78E2DB3A289009D700493CEC /* LandmarkDetail.swift in Sources */ = {isa = PBXBuildFile; fileRef = 78E2DB39289009D700493CEC /* LandmarkDetail.swift */; };
		78E2DB3C2892974300493CEC /* FavoriteButton.swift in Sources */ = {isa = PBXBuildFile; fileRef = 78E2DB3B2892974300493CEC /* FavoriteButton.swift */; };
		78E2DB412892BE7800493CEC /* HexagonParameters.swift in Sources */ = {isa = PBXBuildFile; fileRef = 78E2DB402892BE7800493CEC /* HexagonParameters.swift */; };
		78E2DB432892BF9000493CEC /* BadgeBackground.swift in Sources */ = {isa = PBXBuildFile; fileRef = 78E2DB422892BF9000493CEC /* BadgeBackground.swift */; };
		78E2DB452892C62400493CEC /* BadgeSymbol.swift in Sources */ = {isa = PBXBuildFile; fileRef = 78E2DB442892C62400493CEC /* BadgeSymbol.swift */; };
		78E2DB472892C65D00493CEC /* RotatedBadgeSymbol.swift in Sources */ = {isa = PBXBuildFile; fileRef = 78E2DB462892C65D00493CEC /* RotatedBadgeSymbol.swift */; };
		78E2DB492892C68D00493CEC /* Badge.swift in Sources */ = {isa = PBXBuildFile; fileRef = 78E2DB482892C68D00493CEC /* Badge.swift */; };
		78E2DB4C2896934A00493CEC /* hikeData.json in Resources */ = {isa = PBXBuildFile; fileRef = 78E2DB4B2896934A00493CEC /* hikeData.json */; };
		78E2DB4E2896936800493CEC /* Hike.swift in Sources */ = {isa = PBXBuildFile; fileRef = 78E2DB4D2896936800493CEC /* Hike.swift */; };
		78E2DB54289693BB00493CEC /* GraphCapsule.swift in Sources */ = {isa = PBXBuildFile; fileRef = 78E2DB50289693BB00493CEC /* GraphCapsule.swift */; };
		78E2DB55289693BB00493CEC /* HikeGraph.swift in Sources */ = {isa = PBXBuildFile; fileRef = 78E2DB51289693BB00493CEC /* HikeGraph.swift */; };
		78E2DB56289693BB00493CEC /* HikeDetail.swift in Sources */ = {isa = PBXBuildFile; fileRef = 78E2DB52289693BB00493CEC /* HikeDetail.swift */; };
		78E2DB57289693BB00493CEC /* HikeView.swift in Sources */ = {isa = PBXBuildFile; fileRef = 78E2DB53289693BB00493CEC /* HikeView.swift */; };
		78E2DB5C2896A6C500493CEC /* CategoryHome.swift in Sources */ = {isa = PBXBuildFile; fileRef = 78E2DB5B2896A6C500493CEC /* CategoryHome.swift */; };
		78E2DB5E2896AAB300493CEC /* CategoryRow.swift in Sources */ = {isa = PBXBuildFile; fileRef = 78E2DB5D2896AAB300493CEC /* CategoryRow.swift */; };
		78E2DB602899885700493CEC /* CategoryItem.swift in Sources */ = {isa = PBXBuildFile; fileRef = 78E2DB5F2899885700493CEC /* CategoryItem.swift */; };
		78E2DB62289D317D00493CEC /* Profile.swift in Sources */ = {isa = PBXBuildFile; fileRef = 78E2DB61289D317C00493CEC /* Profile.swift */; };
		78E2DB65289D323B00493CEC /* ProfileHost.swift in Sources */ = {isa = PBXBuildFile; fileRef = 78E2DB64289D323B00493CEC /* ProfileHost.swift */; };
		78E2DB67289D327D00493CEC /* ProfileSummary.swift in Sources */ = {isa = PBXBuildFile; fileRef = 78E2DB66289D327D00493CEC /* ProfileSummary.swift */; };
		78E2DB69289D36DA00493CEC /* HikeBadge.swift in Sources */ = {isa = PBXBuildFile; fileRef = 78E2DB68289D36DA00493CEC /* HikeBadge.swift */; };
		78E2DB6B289D3E7D00493CEC /* ProfileEditor.swift in Sources */ = {isa = PBXBuildFile; fileRef = 78E2DB6A289D3E7D00493CEC /* ProfileEditor.swift */; };
/* End PBXBuildFile section */

/* Begin PBXFileReference section */
		78E2DB17288FFFEB00493CEC /* Landmarks.app */ = {isa = PBXFileReference; explicitFileType = wrapper.application; includeInIndex = 0; path = Landmarks.app; sourceTree = BUILT_PRODUCTS_DIR; };
		78E2DB1A288FFFEB00493CEC /* LandmarksApp.swift */ = {isa = PBXFileReference; lastKnownFileType = sourcecode.swift; path = LandmarksApp.swift; sourceTree = "<group>"; };
		78E2DB1C288FFFEB00493CEC /* ContentView.swift */ = {isa = PBXFileReference; lastKnownFileType = sourcecode.swift; path = ContentView.swift; sourceTree = "<group>"; };
		78E2DB1E288FFFEF00493CEC /* Assets.xcassets */ = {isa = PBXFileReference; lastKnownFileType = folder.assetcatalog; path = Assets.xcassets; sourceTree = "<group>"; };
		78E2DB21288FFFEF00493CEC /* Preview Assets.xcassets */ = {isa = PBXFileReference; lastKnownFileType = folder.assetcatalog; path = "Preview Assets.xcassets"; sourceTree = "<group>"; };
		78E2DB28289001DC00493CEC /* CircleImage.swift */ = {isa = PBXFileReference; lastKnownFileType = sourcecode.swift; path = CircleImage.swift; sourceTree = "<group>"; };
		78E2DB2A2890028B00493CEC /* MapView.swift */ = {isa = PBXFileReference; lastKnownFileType = sourcecode.swift; path = MapView.swift; sourceTree = "<group>"; };
		78E2DB2C2890048100493CEC /* Landmark.swift */ = {isa = PBXFileReference; lastKnownFileType = sourcecode.swift; path = Landmark.swift; sourceTree = "<group>"; };
		78E2DB2E2890059D00493CEC /* landmarkData.json */ = {isa = PBXFileReference; fileEncoding = 4; lastKnownFileType = text.json; path = landmarkData.json; sourceTree = "<group>"; };
		78E2DB30289006DC00493CEC /* ModelData.swift */ = {isa = PBXFileReference; lastKnownFileType = sourcecode.swift; path = ModelData.swift; sourceTree = "<group>"; };
		78E2DB352890078B00493CEC /* LandmarkRow.swift */ = {isa = PBXFileReference; lastKnownFileType = sourcecode.swift; path = LandmarkRow.swift; sourceTree = "<group>"; };
		78E2DB37289008FE00493CEC /* LandmarkList.swift */ = {isa = PBXFileReference; lastKnownFileType = sourcecode.swift; path = LandmarkList.swift; sourceTree = "<group>"; };
		78E2DB39289009D700493CEC /* LandmarkDetail.swift */ = {isa = PBXFileReference; lastKnownFileType = sourcecode.swift; path = LandmarkDetail.swift; sourceTree = "<group>"; };
		78E2DB3B2892974300493CEC /* FavoriteButton.swift */ = {isa = PBXFileReference; lastKnownFileType = sourcecode.swift; path = FavoriteButton.swift; sourceTree = "<group>"; };
		78E2DB402892BE7800493CEC /* HexagonParameters.swift */ = {isa = PBXFileReference; lastKnownFileType = sourcecode.swift; path = HexagonParameters.swift; sourceTree = "<group>"; };
		78E2DB422892BF9000493CEC /* BadgeBackground.swift */ = {isa = PBXFileReference; lastKnownFileType = sourcecode.swift; path = BadgeBackground.swift; sourceTree = "<group>"; };
		78E2DB442892C62400493CEC /* BadgeSymbol.swift */ = {isa = PBXFileReference; lastKnownFileType = sourcecode.swift; path = BadgeSymbol.swift; sourceTree = "<group>"; };
		78E2DB462892C65D00493CEC /* RotatedBadgeSymbol.swift */ = {isa = PBXFileReference; lastKnownFileType = sourcecode.swift; path = RotatedBadgeSymbol.swift; sourceTree = "<group>"; };
		78E2DB482892C68D00493CEC /* Badge.swift */ = {isa = PBXFileReference; lastKnownFileType = sourcecode.swift; path = Badge.swift; sourceTree = "<group>"; };
		78E2DB4B2896934A00493CEC /* hikeData.json */ = {isa = PBXFileReference; fileEncoding = 4; lastKnownFileType = text.json; path = hikeData.json; sourceTree = "<group>"; };
		78E2DB4D2896936800493CEC /* Hike.swift */ = {isa = PBXFileReference; lastKnownFileType = sourcecode.swift; path = Hike.swift; sourceTree = "<group>"; };
		78E2DB50289693BB00493CEC /* GraphCapsule.swift */ = {isa = PBXFileReference; fileEncoding = 4; lastKnownFileType = sourcecode.swift; path = GraphCapsule.swift; sourceTree = "<group>"; };
		78E2DB51289693BB00493CEC /* HikeGraph.swift */ = {isa = PBXFileReference; fileEncoding = 4; lastKnownFileType = sourcecode.swift; path = HikeGraph.swift; sourceTree = "<group>"; };
		78E2DB52289693BB00493CEC /* HikeDetail.swift */ = {isa = PBXFileReference; fileEncoding = 4; lastKnownFileType = sourcecode.swift; path = HikeDetail.swift; sourceTree = "<group>"; };
		78E2DB53289693BB00493CEC /* HikeView.swift */ = {isa = PBXFileReference; fileEncoding = 4; lastKnownFileType = sourcecode.swift; path = HikeView.swift; sourceTree = "<group>"; };
		78E2DB5B2896A6C500493CEC /* CategoryHome.swift */ = {isa = PBXFileReference; lastKnownFileType = sourcecode.swift; path = CategoryHome.swift; sourceTree = "<group>"; };
		78E2DB5D2896AAB300493CEC /* CategoryRow.swift */ = {isa = PBXFileReference; lastKnownFileType = sourcecode.swift; path = CategoryRow.swift; sourceTree = "<group>"; };
		78E2DB5F2899885700493CEC /* CategoryItem.swift */ = {isa = PBXFileReference; lastKnownFileType = sourcecode.swift; path = CategoryItem.swift; sourceTree = "<group>"; };
		78E2DB61289D317C00493CEC /* Profile.swift */ = {isa = PBXFileReference; lastKnownFileType = sourcecode.swift; path = Profile.swift; sourceTree = "<group>"; };
		78E2DB64289D323B00493CEC /* ProfileHost.swift */ = {isa = PBXFileReference; lastKnownFileType = sourcecode.swift; path = ProfileHost.swift; sourceTree = "<group>"; };
		78E2DB66289D327D00493CEC /* ProfileSummary.swift */ = {isa = PBXFileReference; lastKnownFileType = sourcecode.swift; path = ProfileSummary.swift; sourceTree = "<group>"; };
		78E2DB68289D36DA00493CEC /* HikeBadge.swift */ = {isa = PBXFileReference; lastKnownFileType = sourcecode.swift; path = HikeBadge.swift; sourceTree = "<group>"; };
		78E2DB6A289D3E7D00493CEC /* ProfileEditor.swift */ = {isa = PBXFileReference; lastKnownFileType = sourcecode.swift; path = ProfileEditor.swift; sourceTree = "<group>"; };
/* End PBXFileReference section */

/* Begin PBXFrameworksBuildPhase section */
		78E2DB14288FFFEB00493CEC /* Frameworks */ = {
			isa = PBXFrameworksBuildPhase;
			buildActionMask = 2147483647;
			files = (
			);
			runOnlyForDeploymentPostprocessing = 0;
		};
/* End PBXFrameworksBuildPhase section */

/* Begin PBXGroup section */
		78E2DB0E288FFFEB00493CEC = {
			isa = PBXGroup;
			children = (
				78E2DB19288FFFEB00493CEC /* Landmarks */,
				78E2DB18288FFFEB00493CEC /* Products */,
			);
			sourceTree = "<group>";
		};
		78E2DB18288FFFEB00493CEC /* Products */ = {
			isa = PBXGroup;
			children = (
				78E2DB17288FFFEB00493CEC /* Landmarks.app */,
			);
			name = Products;
			sourceTree = "<group>";
		};
		78E2DB19288FFFEB00493CEC /* Landmarks */ = {
			isa = PBXGroup;
			children = (
				78E2DB1A288FFFEB00493CEC /* LandmarksApp.swift */,
				78E2DB332890073500493CEC /* Views */,
				78E2DB322890071F00493CEC /* Model */,
				78E2DB342890075500493CEC /* Resources */,
				78E2DB1E288FFFEF00493CEC /* Assets.xcassets */,
				78E2DB20288FFFEF00493CEC /* Preview Content */,
			);
			path = Landmarks;
			sourceTree = "<group>";
		};
		78E2DB20288FFFEF00493CEC /* Preview Content */ = {
			isa = PBXGroup;
			children = (
				78E2DB21288FFFEF00493CEC /* Preview Assets.xcassets */,
			);
			path = "Preview Content";
			sourceTree = "<group>";
		};
		78E2DB322890071F00493CEC /* Model */ = {
			isa = PBXGroup;
			children = (
				78E2DB2C2890048100493CEC /* Landmark.swift */,
				78E2DB4D2896936800493CEC /* Hike.swift */,
				78E2DB30289006DC00493CEC /* ModelData.swift */,
				78E2DB61289D317C00493CEC /* Profile.swift */,
			);
			path = Model;
			sourceTree = "<group>";
		};
		78E2DB332890073500493CEC /* Views */ = {
			isa = PBXGroup;
			children = (
				78E2DB1C288FFFEB00493CEC /* ContentView.swift */,
				78E2DB4A2892C73300493CEC /* Badges */,
				78E2DB3D2892980300493CEC /* Landmarks */,
				78E2DB4F289693BB00493CEC /* Hikes */,
				78E2DB582896A6A900493CEC /* Categories */,
				78E2DB63289D321900493CEC /* Profiles */,
				78E2DB3F2892982500493CEC /* Helpers */,
			);
			path = Views;
			sourceTree = "<group>";
		};
		78E2DB342890075500493CEC /* Resources */ = {
			isa = PBXGroup;
			children = (
				78E2DB2E2890059D00493CEC /* landmarkData.json */,
				78E2DB4B2896934A00493CEC /* hikeData.json */,
			);
			path = Resources;
			sourceTree = "<group>";
		};
		78E2DB3D2892980300493CEC /* Landmarks */ = {
			isa = PBXGroup;
			children = (
				78E2DB352890078B00493CEC /* LandmarkRow.swift */,
				78E2DB37289008FE00493CEC /* LandmarkList.swift */,
				78E2DB39289009D700493CEC /* LandmarkDetail.swift */,
			);
			path = Landmarks;
			sourceTree = "<group>";
		};
		78E2DB3F2892982500493CEC /* Helpers */ = {
			isa = PBXGroup;
			children = (
				78E2DB28289001DC00493CEC /* CircleImage.swift */,
				78E2DB2A2890028B00493CEC /* MapView.swift */,
				78E2DB3B2892974300493CEC /* FavoriteButton.swift */,
			);
			path = Helpers;
			sourceTree = "<group>";
		};
		78E2DB4A2892C73300493CEC /* Badges */ = {
			isa = PBXGroup;
			children = (
				78E2DB482892C68D00493CEC /* Badge.swift */,
				78E2DB422892BF9000493CEC /* BadgeBackground.swift */,
				78E2DB402892BE7800493CEC /* HexagonParameters.swift */,
				78E2DB442892C62400493CEC /* BadgeSymbol.swift */,
				78E2DB462892C65D00493CEC /* RotatedBadgeSymbol.swift */,
			);
			path = Badges;
			sourceTree = "<group>";
		};
		78E2DB4F289693BB00493CEC /* Hikes */ = {
			isa = PBXGroup;
			children = (
				78E2DB50289693BB00493CEC /* GraphCapsule.swift */,
				78E2DB51289693BB00493CEC /* HikeGraph.swift */,
				78E2DB52289693BB00493CEC /* HikeDetail.swift */,
				78E2DB53289693BB00493CEC /* HikeView.swift */,
				78E2DB68289D36DA00493CEC /* HikeBadge.swift */,
			);
			path = Hikes;
			sourceTree = "<group>";
		};
		78E2DB582896A6A900493CEC /* Categories */ = {
			isa = PBXGroup;
			children = (
				78E2DB5B2896A6C500493CEC /* CategoryHome.swift */,
				78E2DB5D2896AAB300493CEC /* CategoryRow.swift */,
				78E2DB5F2899885700493CEC /* CategoryItem.swift */,
			);
			path = Categories;
			sourceTree = "<group>";
		};
		78E2DB63289D321900493CEC /* Profiles */ = {
			isa = PBXGroup;
			children = (
				78E2DB64289D323B00493CEC /* ProfileHost.swift */,
				78E2DB6A289D3E7D00493CEC /* ProfileEditor.swift */,
				78E2DB66289D327D00493CEC /* ProfileSummary.swift */,
			);
			path = Profiles;
			sourceTree = "<group>";
		};
/* End PBXGroup section */

/* Begin PBXNativeTarget section */
		78E2DB16288FFFEB00493CEC /* Landmarks */ = {
			isa = PBXNativeTarget;
			buildConfigurationList = 78E2DB25288FFFEF00493CEC /* Build configuration list for PBXNativeTarget "Landmarks" */;
			buildPhases = (
				78E2DB13288FFFEB00493CEC /* Sources */,
				78E2DB14288FFFEB00493CEC /* Frameworks */,
				78E2DB15288FFFEB00493CEC /* Resources */,
			);
			buildRules = (
			);
			dependencies = (
			);
			name = Landmarks;
			productName = Landmarks;
			productReference = 78E2DB17288FFFEB00493CEC /* Landmarks.app */;
			productType = "com.apple.product-type.application";
		};
/* End PBXNativeTarget section */

/* Begin PBXProject section */
		78E2DB0F288FFFEB00493CEC /* Project object */ = {
			isa = PBXProject;
			attributes = {
				BuildIndependentTargetsInParallel = 1;
				LastSwiftUpdateCheck = 1340;
				LastUpgradeCheck = 1340;
				TargetAttributes = {
					78E2DB16288FFFEB00493CEC = {
						CreatedOnToolsVersion = 13.4.1;
					};
				};
			};
			buildConfigurationList = 78E2DB12288FFFEB00493CEC /* Build configuration list for PBXProject "Landmarks" */;
			compatibilityVersion = "Xcode 13.0";
			developmentRegion = en;
			hasScannedForEncodings = 0;
			knownRegions = (
				en,
				Base,
			);
			mainGroup = 78E2DB0E288FFFEB00493CEC;
			productRefGroup = 78E2DB18288FFFEB00493CEC /* Products */;
			projectDirPath = "";
			projectRoot = "";
			targets = (
				78E2DB16288FFFEB00493CEC /* Landmarks */,
			);
		};
/* End PBXProject section */

/* Begin PBXResourcesBuildPhase section */
		78E2DB15288FFFEB00493CEC /* Resources */ = {
			isa = PBXResourcesBuildPhase;
			buildActionMask = 2147483647;
			files = (
				78E2DB4C2896934A00493CEC /* hikeData.json in Resources */,
				78E2DB22288FFFEF00493CEC /* Preview Assets.xcassets in Resources */,
				78E2DB1F288FFFEF00493CEC /* Assets.xcassets in Resources */,
				78E2DB2F2890059D00493CEC /* landmarkData.json in Resources */,
			);
			runOnlyForDeploymentPostprocessing = 0;
		};
/* End PBXResourcesBuildPhase section */

/* Begin PBXSourcesBuildPhase section */
		78E2DB13288FFFEB00493CEC /* Sources */ = {
			isa = PBXSourcesBuildPhase;
			buildActionMask = 2147483647;
			files = (
				78E2DB5E2896AAB300493CEC /* CategoryRow.swift in Sources */,
				78E2DB62289D317D00493CEC /* Profile.swift in Sources */,
				78E2DB1D288FFFEB00493CEC /* ContentView.swift in Sources */,
				78E2DB5C2896A6C500493CEC /* CategoryHome.swift in Sources */,
				78E2DB55289693BB00493CEC /* HikeGraph.swift in Sources */,
				78E2DB492892C68D00493CEC /* Badge.swift in Sources */,
				78E2DB2B2890028B00493CEC /* MapView.swift in Sources */,
				78E2DB54289693BB00493CEC /* GraphCapsule.swift in Sources */,
				78E2DB1B288FFFEB00493CEC /* LandmarksApp.swift in Sources */,
				78E2DB3C2892974300493CEC /* FavoriteButton.swift in Sources */,
				78E2DB602899885700493CEC /* CategoryItem.swift in Sources */,
				78E2DB56289693BB00493CEC /* HikeDetail.swift in Sources */,
				78E2DB67289D327D00493CEC /* ProfileSummary.swift in Sources */,
				78E2DB412892BE7800493CEC /* HexagonParameters.swift in Sources */,
				78E2DB65289D323B00493CEC /* ProfileHost.swift in Sources */,
				78E2DB4E2896936800493CEC /* Hike.swift in Sources */,
				78E2DB472892C65D00493CEC /* RotatedBadgeSymbol.swift in Sources */,
				78E2DB452892C62400493CEC /* BadgeSymbol.swift in Sources */,
				78E2DB6B289D3E7D00493CEC /* ProfileEditor.swift in Sources */,
				78E2DB38289008FE00493CEC /* LandmarkList.swift in Sources */,
				78E2DB57289693BB00493CEC /* HikeView.swift in Sources */,
				78E2DB3A289009D700493CEC /* LandmarkDetail.swift in Sources */,
				78E2DB432892BF9000493CEC /* BadgeBackground.swift in Sources */,
				78E2DB69289D36DA00493CEC /* HikeBadge.swift in Sources */,
				78E2DB29289001DC00493CEC /* CircleImage.swift in Sources */,
				78E2DB2D2890048100493CEC /* Landmark.swift in Sources */,
				78E2DB362890078B00493CEC /* LandmarkRow.swift in Sources */,
				78E2DB31289006DC00493CEC /* ModelData.swift in Sources */,
			);
			runOnlyForDeploymentPostprocessing = 0;
		};
/* End PBXSourcesBuildPhase section */

/* Begin XCBuildConfiguration section */
		78E2DB23288FFFEF00493CEC /* Debug */ = {
			isa = XCBuildConfiguration;
			buildSettings = {
				ALWAYS_SEARCH_USER_PATHS = NO;
				CLANG_ANALYZER_NONNULL = YES;
				CLANG_ANALYZER_NUMBER_OBJECT_CONVERSION = YES_AGGRESSIVE;
				CLANG_CXX_LANGUAGE_STANDARD = "gnu++17";
				CLANG_ENABLE_MODULES = YES;
				CLANG_ENABLE_OBJC_ARC = YES;
				CLANG_ENABLE_OBJC_WEAK = YES;
				CLANG_WARN_BLOCK_CAPTURE_AUTORELEASING = YES;
				CLANG_WARN_BOOL_CONVERSION = YES;
				CLANG_WARN_COMMA = YES;
				CLANG_WARN_CONSTANT_CONVERSION = YES;
				CLANG_WARN_DEPRECATED_OBJC_IMPLEMENTATIONS = YES;
				CLANG_WARN_DIRECT_OBJC_ISA_USAGE = YES_ERROR;
				CLANG_WARN_DOCUMENTATION_COMMENTS = YES;
				CLANG_WARN_EMPTY_BODY = YES;
				CLANG_WARN_ENUM_CONVERSION = YES;
				CLANG_WARN_INFINITE_RECURSION = YES;
				CLANG_WARN_INT_CONVERSION = YES;
				CLANG_WARN_NON_LITERAL_NULL_CONVERSION = YES;
				CLANG_WARN_OBJC_IMPLICIT_RETAIN_SELF = YES;
				CLANG_WARN_OBJC_LITERAL_CONVERSION = YES;
				CLANG_WARN_OBJC_ROOT_CLASS = YES_ERROR;
				CLANG_WARN_QUOTED_INCLUDE_IN_FRAMEWORK_HEADER = YES;
				CLANG_WARN_RANGE_LOOP_ANALYSIS = YES;
				CLANG_WARN_STRICT_PROTOTYPES = YES;
				CLANG_WARN_SUSPICIOUS_MOVE = YES;
				CLANG_WARN_UNGUARDED_AVAILABILITY = YES_AGGRESSIVE;
				CLANG_WARN_UNREACHABLE_CODE = YES;
				CLANG_WARN__DUPLICATE_METHOD_MATCH = YES;
				COPY_PHASE_STRIP = NO;
				DEBUG_INFORMATION_FORMAT = dwarf;
				ENABLE_STRICT_OBJC_MSGSEND = YES;
				ENABLE_TESTABILITY = YES;
				GCC_C_LANGUAGE_STANDARD = gnu11;
				GCC_DYNAMIC_NO_PIC = NO;
				GCC_NO_COMMON_BLOCKS = YES;
				GCC_OPTIMIZATION_LEVEL = 0;
				GCC_PREPROCESSOR_DEFINITIONS = (
					"DEBUG=1",
					"$(inherited)",
				);
				GCC_WARN_64_TO_32_BIT_CONVERSION = YES;
				GCC_WARN_ABOUT_RETURN_TYPE = YES_ERROR;
				GCC_WARN_UNDECLARED_SELECTOR = YES;
				GCC_WARN_UNINITIALIZED_AUTOS = YES_AGGRESSIVE;
				GCC_WARN_UNUSED_FUNCTION = YES;
				GCC_WARN_UNUSED_VARIABLE = YES;
				IPHONEOS_DEPLOYMENT_TARGET = 15.5;
				MTL_ENABLE_DEBUG_INFO = INCLUDE_SOURCE;
				MTL_FAST_MATH = YES;
				ONLY_ACTIVE_ARCH = YES;
				SDKROOT = iphoneos;
				SWIFT_ACTIVE_COMPILATION_CONDITIONS = DEBUG;
				SWIFT_OPTIMIZATION_LEVEL = "-Onone";
			};
			name = Debug;
		};
		78E2DB24288FFFEF00493CEC /* Release */ = {
			isa = XCBuildConfiguration;
			buildSettings = {
				ALWAYS_SEARCH_USER_PATHS = NO;
				CLANG_ANALYZER_NONNULL = YES;
				CLANG_ANALYZER_NUMBER_OBJECT_CONVERSION = YES_AGGRESSIVE;
				CLANG_CXX_LANGUAGE_STANDARD = "gnu++17";
				CLANG_ENABLE_MODULES = YES;
				CLANG_ENABLE_OBJC_ARC = YES;
				CLANG_ENABLE_OBJC_WEAK = YES;
				CLANG_WARN_BLOCK_CAPTURE_AUTORELEASING = YES;
				CLANG_WARN_BOOL_CONVERSION = YES;
				CLANG_WARN_COMMA = YES;
				CLANG_WARN_CONSTANT_CONVERSION = YES;
				CLANG_WARN_DEPRECATED_OBJC_IMPLEMENTATIONS = YES;
				CLANG_WARN_DIRECT_OBJC_ISA_USAGE = YES_ERROR;
				CLANG_WARN_DOCUMENTATION_COMMENTS = YES;
				CLANG_WARN_EMPTY_BODY = YES;
				CLANG_WARN_ENUM_CONVERSION = YES;
				CLANG_WARN_INFINITE_RECURSION = YES;
				CLANG_WARN_INT_CONVERSION = YES;
				CLANG_WARN_NON_LITERAL_NULL_CONVERSION = YES;
				CLANG_WARN_OBJC_IMPLICIT_RETAIN_SELF = YES;
				CLANG_WARN_OBJC_LITERAL_CONVERSION = YES;
				CLANG_WARN_OBJC_ROOT_CLASS = YES_ERROR;
				CLANG_WARN_QUOTED_INCLUDE_IN_FRAMEWORK_HEADER = YES;
				CLANG_WARN_RANGE_LOOP_ANALYSIS = YES;
				CLANG_WARN_STRICT_PROTOTYPES = YES;
				CLANG_WARN_SUSPICIOUS_MOVE = YES;
				CLANG_WARN_UNGUARDED_AVAILABILITY = YES_AGGRESSIVE;
				CLANG_WARN_UNREACHABLE_CODE = YES;
				CLANG_WARN__DUPLICATE_METHOD_MATCH = YES;
				COPY_PHASE_STRIP = NO;
				DEBUG_INFORMATION_FORMAT = "dwarf-with-dsym";
				ENABLE_NS_ASSERTIONS = NO;
				ENABLE_STRICT_OBJC_MSGSEND = YES;
				GCC_C_LANGUAGE_STANDARD = gnu11;
				GCC_NO_COMMON_BLOCKS = YES;
				GCC_WARN_64_TO_32_BIT_CONVERSION = YES;
				GCC_WARN_ABOUT_RETURN_TYPE = YES_ERROR;
				GCC_WARN_UNDECLARED_SELECTOR = YES;
				GCC_WARN_UNINITIALIZED_AUTOS = YES_AGGRESSIVE;
				GCC_WARN_UNUSED_FUNCTION = YES;
				GCC_WARN_UNUSED_VARIABLE = YES;
				IPHONEOS_DEPLOYMENT_TARGET = 15.5;
				MTL_ENABLE_DEBUG_INFO = NO;
				MTL_FAST_MATH = YES;
				SDKROOT = iphoneos;
				SWIFT_COMPILATION_MODE = wholemodule;
				SWIFT_OPTIMIZATION_LEVEL = "-O";
				VALIDATE_PRODUCT = YES;
			};
			name = Release;
		};
		78E2DB26288FFFEF00493CEC /* Debug */ = {
			isa = XCBuildConfiguration;
			buildSettings = {
				ASSETCATALOG_COMPILER_APPICON_NAME = AppIcon;
				ASSETCATALOG_COMPILER_GLOBAL_ACCENT_COLOR_NAME = AccentColor;
				CODE_SIGN_STYLE = Automatic;
				CURRENT_PROJECT_VERSION = 1;
				DEVELOPMENT_ASSET_PATHS = "\"Landmarks/Preview Content\"";
				DEVELOPMENT_TEAM = KB6694J7GS;
				ENABLE_PREVIEWS = YES;
				GENERATE_INFOPLIST_FILE = YES;
				INFOPLIST_KEY_UIApplicationSceneManifest_Generation = YES;
				INFOPLIST_KEY_UIApplicationSupportsIndirectInputEvents = YES;
				INFOPLIST_KEY_UILaunchScreen_Generation = YES;
				INFOPLIST_KEY_UISupportedInterfaceOrientations_iPad = "UIInterfaceOrientationPortrait UIInterfaceOrientationPortraitUpsideDown UIInterfaceOrientationLandscapeLeft UIInterfaceOrientationLandscapeRight";
				INFOPLIST_KEY_UISupportedInterfaceOrientations_iPhone = "UIInterfaceOrientationPortrait UIInterfaceOrientationLandscapeLeft UIInterfaceOrientationLandscapeRight";
				LD_RUNPATH_SEARCH_PATHS = (
					"$(inherited)",
					"@executable_path/Frameworks",
				);
				MARKETING_VERSION = 1.0;
				PRODUCT_BUNDLE_IDENTIFIER = com.aradradfar.Landmarks;
				PRODUCT_NAME = "$(TARGET_NAME)";
				SWIFT_EMIT_LOC_STRINGS = YES;
				SWIFT_VERSION = 5.0;
				TARGETED_DEVICE_FAMILY = "1,2";
			};
			name = Debug;
		};
		78E2DB27288FFFEF00493CEC /* Release */ = {
			isa = XCBuildConfiguration;
			buildSettings = {
				ASSETCATALOG_COMPILER_APPICON_NAME = AppIcon;
				ASSETCATALOG_COMPILER_GLOBAL_ACCENT_COLOR_NAME = AccentColor;
				CODE_SIGN_STYLE = Automatic;
				CURRENT_PROJECT_VERSION = 1;
				DEVELOPMENT_ASSET_PATHS = "\"Landmarks/Preview Content\"";
				DEVELOPMENT_TEAM = KB6694J7GS;
				ENABLE_PREVIEWS = YES;
				GENERATE_INFOPLIST_FILE = YES;
				INFOPLIST_KEY_UIApplicationSceneManifest_Generation = YES;
				INFOPLIST_KEY_UIApplicationSupportsIndirectInputEvents = YES;
				INFOPLIST_KEY_UILaunchScreen_Generation = YES;
				INFOPLIST_KEY_UISupportedInterfaceOrientations_iPad = "UIInterfaceOrientationPortrait UIInterfaceOrientationPortraitUpsideDown UIInterfaceOrientationLandscapeLeft UIInterfaceOrientationLandscapeRight";
				INFOPLIST_KEY_UISupportedInterfaceOrientations_iPhone = "UIInterfaceOrientationPortrait UIInterfaceOrientationLandscapeLeft UIInterfaceOrientationLandscapeRight";
				LD_RUNPATH_SEARCH_PATHS = (
					"$(inherited)",
					"@executable_path/Frameworks",
				);
				MARKETING_VERSION = 1.0;
				PRODUCT_BUNDLE_IDENTIFIER = com.aradradfar.Landmarks;
				PRODUCT_NAME = "$(TARGET_NAME)";
				SWIFT_EMIT_LOC_STRINGS = YES;
				SWIFT_VERSION = 5.0;
				TARGETED_DEVICE_FAMILY = "1,2";
			};
			name = Release;
		};
/* End XCBuildConfiguration section */

/* Begin XCConfigurationList section */
		78E2DB12288FFFEB00493CEC /* Build configuration list for PBXProject "Landmarks" */ = {
			isa = XCConfigurationList;
			buildConfigurations = (
				78E2DB23288FFFEF00493CEC /* Debug */,
				78E2DB24288FFFEF00493CEC /* Release */,
			);
			defaultConfigurationIsVisible = 0;
			defaultConfigurationName = Release;
		};
		78E2DB25288FFFEF00493CEC /* Build configuration list for PBXNativeTarget "Landmarks" */ = {
			isa = XCConfigurationList;
			buildConfigurations = (
				78E2DB26288FFFEF00493CEC /* Debug */,
				78E2DB27288FFFEF00493CEC /* Release */,
			);
			defaultConfigurationIsVisible = 0;
			defaultConfigurationName = Release;
		};
/* End XCConfigurationList section */
	};
	rootObject = 78E2DB0F288FFFEB00493CEC /* Project object */;
}
